{
  "name": "liquid-plain",
  "version": "1.0.0",
  "lockfileVersion": 1,
  "requires": true,
  "dependencies": {
    "liquidjs": {
      "version": "9.6.2",
      "resolved": "https://registry.npmjs.org/liquidjs/-/liquidjs-9.6.2.tgz",
      "integrity": "sha512-mcn6rL6nuwSYL1TTfjTcIxoSyp6Dw1crj+6+pCKm5qXpVBkJ1EMKIVIjuEGPrR6JMYZqoxINqU2ScHqSFUPqBw=="
    }
  }
}
